<?xml version="1.0" encoding="utf-8"?>
<Project ToolsVersion="17.0" xmlns="http://schemas.microsoft.com/developer/msbuild/2003">
  <ItemGroup>
    <ClCompile Include="D:\open\liboqs\src\sig\uov\sig_uov_ov_Ip.c">
      <Filter>Source Files</Filter>
    </ClCompile>
    <ClCompile Include="D:\open\liboqs\src\sig\uov\pqov_ov_Ip_ref\blas_matrix.c">
      <Filter>Source Files</Filter>
    </ClCompile>
    <ClCompile Include="D:\open\liboqs\src\sig\uov\pqov_ov_Ip_ref\blas_matrix_ref.c">
      <Filter>Source Files</Filter>
    </ClCompile>
    <ClCompile Include="D:\open\liboqs\src\sig\uov\pqov_ov_Ip_ref\ov.c">
      <Filter>Source Files</Filter>
    </ClCompile>
    <ClCompile Include="D:\open\liboqs\src\sig\uov\pqov_ov_Ip_ref\ov_keypair.c">
      <Filter>Source Files</Filter>
    </ClCompile>
    <ClCompile Include="D:\open\liboqs\src\sig\uov\pqov_ov_Ip_ref\ov_keypair_computation.c">
      <Filter>Source Files</Filter>
    </ClCompile>
    <ClCompile Include="D:\open\liboqs\src\sig\uov\pqov_ov_Ip_ref\ov_publicmap.c">
      <Filter>Source Files</Filter>
    </ClCompile>
    <ClCompile Include="D:\open\liboqs\src\sig\uov\pqov_ov_Ip_ref\parallel_matrix_op.c">
      <Filter>Source Files</Filter>
    </ClCompile>
    <ClCompile Include="D:\open\liboqs\src\sig\uov\pqov_ov_Ip_ref\sign.c">
      <Filter>Source Files</Filter>
    </ClCompile>
    <ClCompile Include="D:\open\liboqs\src\sig\uov\pqov_ov_Ip_ref\utils_hash.c">
      <Filter>Source Files</Filter>
    </ClCompile>
    <ClCompile Include="D:\open\liboqs\src\sig\uov\pqov_ov_Ip_ref\utils_prng.c">
      <Filter>Source Files</Filter>
    </ClCompile>
    <ClCompile Include="D:\open\liboqs\src\sig\uov\pqov_ov_Ip_ref\utils_randombytes.c">
      <Filter>Source Files</Filter>
    </ClCompile>
  </ItemGroup>
  <ItemGroup>
    <CustomBuild Include="D:\open\liboqs\src\sig\uov\CMakeLists.txt" />
  </ItemGroup>
  <ItemGroup>
    <Filter Include="Source Files">
      <UniqueIdentifier>{646B737A-B464-343B-9CF8-36B9B5D72D80}</UniqueIdentifier>
    </Filter>
  </ItemGroup>
</Project>
