<?xml version="1.0" encoding="utf-8"?>
<Project ToolsVersion="17.0" xmlns="http://schemas.microsoft.com/developer/msbuild/2003">
  <ItemGroup>
    <ClCompile Include="D:\open\liboqs\src\common\aes\aes_impl.c">
      <Filter>Source Files</Filter>
    </ClCompile>
    <ClCompile Include="D:\open\liboqs\src\common\aes\aes_c.c">
      <Filter>Source Files</Filter>
    </ClCompile>
    <ClCompile Include="D:\open\liboqs\src\common\aes\aes128_ni.c">
      <Filter>Source Files</Filter>
    </ClCompile>
    <ClCompile Include="D:\open\liboqs\src\common\aes\aes256_ni.c">
      <Filter>Source Files</Filter>
    </ClCompile>
    <ClCompile Include="D:\open\liboqs\src\common\aes\aes.c">
      <Filter>Source Files</Filter>
    </ClCompile>
    <ClCompile Include="D:\open\liboqs\src\common\sha2\sha2_impl.c">
      <Filter>Source Files</Filter>
    </ClCompile>
    <ClCompile Include="D:\open\liboqs\src\common\sha2\sha2_c.c">
      <Filter>Source Files</Filter>
    </ClCompile>
    <ClCompile Include="D:\open\liboqs\src\common\sha2\sha2.c">
      <Filter>Source Files</Filter>
    </ClCompile>
    <ClCompile Include="D:\open\liboqs\src\common\sha3\xkcp_sha3.c">
      <Filter>Source Files</Filter>
    </ClCompile>
    <ClCompile Include="D:\open\liboqs\src\common\sha3\xkcp_sha3x4.c">
      <Filter>Source Files</Filter>
    </ClCompile>
    <ClCompile Include="D:\open\liboqs\src\common\sha3\sha3.c">
      <Filter>Source Files</Filter>
    </ClCompile>
    <ClCompile Include="D:\open\liboqs\src\common\sha3\sha3x4.c">
      <Filter>Source Files</Filter>
    </ClCompile>
    <ClCompile Include="D:\open\liboqs\src\common\common.c">
      <Filter>Source Files</Filter>
    </ClCompile>
    <ClCompile Include="D:\open\liboqs\src\common\pqclean_shims\fips202.c">
      <Filter>Source Files</Filter>
    </ClCompile>
    <ClCompile Include="D:\open\liboqs\src\common\pqclean_shims\fips202x4.c">
      <Filter>Source Files</Filter>
    </ClCompile>
    <ClCompile Include="D:\open\liboqs\src\common\rand\rand.c">
      <Filter>Source Files</Filter>
    </ClCompile>
  </ItemGroup>
  <ItemGroup>
    <CustomBuild Include="D:\open\liboqs\src\common\CMakeLists.txt" />
  </ItemGroup>
  <ItemGroup>
    <Filter Include="Source Files">
      <UniqueIdentifier>{646B737A-B464-343B-9CF8-36B9B5D72D80}</UniqueIdentifier>
    </Filter>
  </ItemGroup>
</Project>
