<?xml version="1.0" encoding="utf-8"?>
<Project ToolsVersion="17.0" xmlns="http://schemas.microsoft.com/developer/msbuild/2003">
  <ItemGroup>
    <CustomBuild Include="D:\open\liboqs\build\CMakeFiles\02abb53e4fbdff8355ca04d61161cb18\INSTALL_force.rule">
      <Filter>CMake Rules</Filter>
    </CustomBuild>
  </ItemGroup>
  <ItemGroup>
    <Filter Include="CMake Rules">
      <UniqueIdentifier>{C9BB27D1-0D5D-33AA-8AA3-F94692B79D0B}</UniqueIdentifier>
    </Filter>
  </ItemGroup>
</Project>
