<?xml version="1.0" encoding="utf-8"?>
<Project ToolsVersion="17.0" xmlns="http://schemas.microsoft.com/developer/msbuild/2003">
  <ItemGroup>
    <ClCompile Include="D:\open\liboqs\src\kem\classic_mceliece\kem_classic_mceliece_8192128.c">
      <Filter>Source Files</Filter>
    </ClCompile>
    <ClCompile Include="D:\open\liboqs\src\kem\classic_mceliece\pqclean_mceliece8192128_clean\aes256ctr.c">
      <Filter>Source Files</Filter>
    </ClCompile>
    <ClCompile Include="D:\open\liboqs\src\kem\classic_mceliece\pqclean_mceliece8192128_clean\benes.c">
      <Filter>Source Files</Filter>
    </ClCompile>
    <ClCompile Include="D:\open\liboqs\src\kem\classic_mceliece\pqclean_mceliece8192128_clean\bm.c">
      <Filter>Source Files</Filter>
    </ClCompile>
    <ClCompile Include="D:\open\liboqs\src\kem\classic_mceliece\pqclean_mceliece8192128_clean\controlbits.c">
      <Filter>Source Files</Filter>
    </ClCompile>
    <ClCompile Include="D:\open\liboqs\src\kem\classic_mceliece\pqclean_mceliece8192128_clean\crypto_int16.c">
      <Filter>Source Files</Filter>
    </ClCompile>
    <ClCompile Include="D:\open\liboqs\src\kem\classic_mceliece\pqclean_mceliece8192128_clean\crypto_int32.c">
      <Filter>Source Files</Filter>
    </ClCompile>
    <ClCompile Include="D:\open\liboqs\src\kem\classic_mceliece\pqclean_mceliece8192128_clean\crypto_uint16.c">
      <Filter>Source Files</Filter>
    </ClCompile>
    <ClCompile Include="D:\open\liboqs\src\kem\classic_mceliece\pqclean_mceliece8192128_clean\crypto_uint32.c">
      <Filter>Source Files</Filter>
    </ClCompile>
    <ClCompile Include="D:\open\liboqs\src\kem\classic_mceliece\pqclean_mceliece8192128_clean\crypto_uint64.c">
      <Filter>Source Files</Filter>
    </ClCompile>
    <ClCompile Include="D:\open\liboqs\src\kem\classic_mceliece\pqclean_mceliece8192128_clean\decrypt.c">
      <Filter>Source Files</Filter>
    </ClCompile>
    <ClCompile Include="D:\open\liboqs\src\kem\classic_mceliece\pqclean_mceliece8192128_clean\encrypt.c">
      <Filter>Source Files</Filter>
    </ClCompile>
    <ClCompile Include="D:\open\liboqs\src\kem\classic_mceliece\pqclean_mceliece8192128_clean\gf.c">
      <Filter>Source Files</Filter>
    </ClCompile>
    <ClCompile Include="D:\open\liboqs\src\kem\classic_mceliece\pqclean_mceliece8192128_clean\operations.c">
      <Filter>Source Files</Filter>
    </ClCompile>
    <ClCompile Include="D:\open\liboqs\src\kem\classic_mceliece\pqclean_mceliece8192128_clean\pk_gen.c">
      <Filter>Source Files</Filter>
    </ClCompile>
    <ClCompile Include="D:\open\liboqs\src\kem\classic_mceliece\pqclean_mceliece8192128_clean\root.c">
      <Filter>Source Files</Filter>
    </ClCompile>
    <ClCompile Include="D:\open\liboqs\src\kem\classic_mceliece\pqclean_mceliece8192128_clean\sk_gen.c">
      <Filter>Source Files</Filter>
    </ClCompile>
    <ClCompile Include="D:\open\liboqs\src\kem\classic_mceliece\pqclean_mceliece8192128_clean\synd.c">
      <Filter>Source Files</Filter>
    </ClCompile>
    <ClCompile Include="D:\open\liboqs\src\kem\classic_mceliece\pqclean_mceliece8192128_clean\transpose.c">
      <Filter>Source Files</Filter>
    </ClCompile>
    <ClCompile Include="D:\open\liboqs\src\kem\classic_mceliece\pqclean_mceliece8192128_clean\util.c">
      <Filter>Source Files</Filter>
    </ClCompile>
  </ItemGroup>
  <ItemGroup>
    <CustomBuild Include="D:\open\liboqs\src\kem\classic_mceliece\CMakeLists.txt" />
  </ItemGroup>
  <ItemGroup>
    <Filter Include="Source Files">
      <UniqueIdentifier>{646B737A-B464-343B-9CF8-36B9B5D72D80}</UniqueIdentifier>
    </Filter>
  </ItemGroup>
</Project>
