<?xml version="1.0" encoding="utf-8"?>
<Project ToolsVersion="17.0" xmlns="http://schemas.microsoft.com/developer/msbuild/2003">
  <ItemGroup>
    <ClCompile Include="D:\open\liboqs\src\sig\cross\upcross_cross-rsdpg-128-small_avx2\CROSS.c">
      <Filter>Source Files</Filter>
    </ClCompile>
    <ClCompile Include="D:\open\liboqs\src\sig\cross\upcross_cross-rsdpg-128-small_avx2\csprng_hash.c">
      <Filter>Source Files</Filter>
    </ClCompile>
    <ClCompile Include="D:\open\liboqs\src\sig\cross\upcross_cross-rsdpg-128-small_avx2\merkle.c">
      <Filter>Source Files</Filter>
    </ClCompile>
    <ClCompile Include="D:\open\liboqs\src\sig\cross\upcross_cross-rsdpg-128-small_avx2\pack_unpack.c">
      <Filter>Source Files</Filter>
    </ClCompile>
    <ClCompile Include="D:\open\liboqs\src\sig\cross\upcross_cross-rsdpg-128-small_avx2\seedtree.c">
      <Filter>Source Files</Filter>
    </ClCompile>
    <ClCompile Include="D:\open\liboqs\src\sig\cross\upcross_cross-rsdpg-128-small_avx2\sign.c">
      <Filter>Source Files</Filter>
    </ClCompile>
  </ItemGroup>
  <ItemGroup>
    <CustomBuild Include="D:\open\liboqs\src\sig\cross\CMakeLists.txt" />
  </ItemGroup>
  <ItemGroup>
    <Filter Include="Source Files">
      <UniqueIdentifier>{646B737A-B464-343B-9CF8-36B9B5D72D80}</UniqueIdentifier>
    </Filter>
  </ItemGroup>
</Project>
